// !$*UTF8*$!
{
	archiveVersion = 1;
	classes = {
	};
	objectVersion = 55;
	objects = {

/* Begin PBXBuildFile section */
		227E8F8D290043E2001C8930 /* NSNotificationName.swift in Sources */ = {isa = PBXBuildFile; fileRef = 227E8F8C290043E2001C8930 /* NSNotificationName.swift */; };
		227E8F8F29019A41001C8930 /* UITextField+SecureToggle.swift in Sources */ = {isa = PBXBuildFile; fileRef = 227E8F8E29019A40001C8930 /* UITextField+SecureToggle.swift */; };
		22DDBBFB28EDB51F0001C7A1 /* Decimal+Utils.swift in Sources */ = {isa = PBXBuildFile; fileRef = 22DDBBFA28EDB51F0001C7A1 /* Decimal+Utils.swift */; };
		22DDBBFD28EDB7940001C7A1 /* CurrencyFormatter.swift in Sources */ = {isa = PBXBuildFile; fileRef = 22DDBBFC28EDB7940001C7A1 /* CurrencyFormatter.swift */; };
		22DDBC0528EF0A8C0001C7A1 /* BankeyUnitTests.swift in Sources */ = {isa = PBXBuildFile; fileRef = 22DDBC0428EF0A8C0001C7A1 /* BankeyUnitTests.swift */; };
		22DDBC0C28EF0CBF0001C7A1 /* CurrencyFormatterTest.swift in Sources */ = {isa = PBXBuildFile; fileRef = 22DDBC0B28EF0CBF0001C7A1 /* CurrencyFormatterTest.swift */; };
		22EA3AE828DB892000489011 /* DummyViewController.swift in Sources */ = {isa = PBXBuildFile; fileRef = 22EA3AE728DB892000489011 /* DummyViewController.swift */; };
		22EA3AEB28DCE34500489011 /* LocalState.swift in Sources */ = {isa = PBXBuildFile; fileRef = 22EA3AEA28DCE34500489011 /* LocalState.swift */; };
		22EA3AED28DE356C00489011 /* UIViewControllers+Utils.swift in Sources */ = {isa = PBXBuildFile; fileRef = 22EA3AEC28DE356C00489011 /* UIViewControllers+Utils.swift */; };
		22EA3AEF28DE37A300489011 /* MainViewController.swift in Sources */ = {isa = PBXBuildFile; fileRef = 22EA3AEE28DE37A300489011 /* MainViewController.swift */; };
		22EA3AF228E378F300489011 /* AccountSummaryViewController.swift in Sources */ = {isa = PBXBuildFile; fileRef = 22EA3AF128E378F300489011 /* AccountSummaryViewController.swift */; };
		22EA3AF428E47DA400489011 /* AccountSummaryHeaderView.swift in Sources */ = {isa = PBXBuildFile; fileRef = 22EA3AF328E47DA400489011 /* AccountSummaryHeaderView.swift */; };
		22EA3AF628E47DEB00489011 /* AccountSummaryHeaderView.xib in Resources */ = {isa = PBXBuildFile; fileRef = 22EA3AF528E47DEB00489011 /* AccountSummaryHeaderView.xib */; };
		22EA3AFA28E72B6300489011 /* AccountSummaryCell.swift in Sources */ = {isa = PBXBuildFile; fileRef = 22EA3AF928E72B6300489011 /* AccountSummaryCell.swift */; };
		25070EBA28D0C313004C2A32 /* OnboardingContainerViewController.swift in Sources */ = {isa = PBXBuildFile; fileRef = 25070EB928D0C313004C2A32 /* OnboardingContainerViewController.swift */; };
		25070EBC28D0D177004C2A32 /* OnboardingViewController.swift in Sources */ = {isa = PBXBuildFile; fileRef = 25070EBB28D0D177004C2A32 /* OnboardingViewController.swift */; };
		25D211DA28C7763B003235BE /* AppDelegate.swift in Sources */ = {isa = PBXBuildFile; fileRef = 25D211D928C7763B003235BE /* AppDelegate.swift */; };
		25D211DE28C7763B003235BE /* LoginViewController.swift in Sources */ = {isa = PBXBuildFile; fileRef = 25D211DD28C7763B003235BE /* LoginViewController.swift */; };
		25D211E328C7763E003235BE /* Assets.xcassets in Resources */ = {isa = PBXBuildFile; fileRef = 25D211E228C7763E003235BE /* Assets.xcassets */; };
		25D211E628C7763E003235BE /* LaunchScreen.storyboard in Resources */ = {isa = PBXBuildFile; fileRef = 25D211E428C7763E003235BE /* LaunchScreen.storyboard */; };
		25D211F028C77988003235BE /* LoginView.swift in Sources */ = {isa = PBXBuildFile; fileRef = 25D211EF28C77988003235BE /* LoginView.swift */; };
/* End PBXBuildFile section */

/* Begin PBXContainerItemProxy section */
		22DDBC0628EF0A8C0001C7A1 /* PBXContainerItemProxy */ = {
			isa = PBXContainerItemProxy;
			containerPortal = 25D211CE28C7763B003235BE /* Project object */;
			proxyType = 1;
			remoteGlobalIDString = 25D211D528C7763B003235BE;
			remoteInfo = Bankey;
		};
/* End PBXContainerItemProxy section */

/* Begin PBXFileReference section */
		227E8F8C290043E2001C8930 /* NSNotificationName.swift */ = {isa = PBXFileReference; lastKnownFileType = sourcecode.swift; path = NSNotificationName.swift; sourceTree = "<group>"; };
		227E8F8E29019A40001C8930 /* UITextField+SecureToggle.swift */ = {isa = PBXFileReference; lastKnownFileType = sourcecode.swift; path = "UITextField+SecureToggle.swift"; sourceTree = "<group>"; };
		22DDBBFA28EDB51F0001C7A1 /* Decimal+Utils.swift */ = {isa = PBXFileReference; lastKnownFileType = sourcecode.swift; path = "Decimal+Utils.swift"; sourceTree = "<group>"; };
		22DDBBFC28EDB7940001C7A1 /* CurrencyFormatter.swift */ = {isa = PBXFileReference; lastKnownFileType = sourcecode.swift; path = CurrencyFormatter.swift; sourceTree = "<group>"; };
		22DDBC0228EF0A8C0001C7A1 /* BankeyUnitTests.xctest */ = {isa = PBXFileReference; explicitFileType = wrapper.cfbundle; includeInIndex = 0; path = BankeyUnitTests.xctest; sourceTree = BUILT_PRODUCTS_DIR; };
		22DDBC0428EF0A8C0001C7A1 /* BankeyUnitTests.swift */ = {isa = PBXFileReference; lastKnownFileType = sourcecode.swift; path = BankeyUnitTests.swift; sourceTree = "<group>"; };
		22DDBC0B28EF0CBF0001C7A1 /* CurrencyFormatterTest.swift */ = {isa = PBXFileReference; lastKnownFileType = sourcecode.swift; path = CurrencyFormatterTest.swift; sourceTree = "<group>"; };
		22EA3AE728DB892000489011 /* DummyViewController.swift */ = {isa = PBXFileReference; lastKnownFileType = sourcecode.swift; path = DummyViewController.swift; sourceTree = "<group>"; };
		22EA3AEA28DCE34500489011 /* LocalState.swift */ = {isa = PBXFileReference; lastKnownFileType = sourcecode.swift; path = LocalState.swift; sourceTree = "<group>"; };
		22EA3AEC28DE356C00489011 /* UIViewControllers+Utils.swift */ = {isa = PBXFileReference; lastKnownFileType = sourcecode.swift; path = "UIViewControllers+Utils.swift"; sourceTree = "<group>"; };
		22EA3AEE28DE37A300489011 /* MainViewController.swift */ = {isa = PBXFileReference; lastKnownFileType = sourcecode.swift; path = MainViewController.swift; sourceTree = "<group>"; };
		22EA3AF128E378F300489011 /* AccountSummaryViewController.swift */ = {isa = PBXFileReference; lastKnownFileType = sourcecode.swift; path = AccountSummaryViewController.swift; sourceTree = "<group>"; };
		22EA3AF328E47DA400489011 /* AccountSummaryHeaderView.swift */ = {isa = PBXFileReference; lastKnownFileType = sourcecode.swift; path = AccountSummaryHeaderView.swift; sourceTree = "<group>"; };
		22EA3AF528E47DEB00489011 /* AccountSummaryHeaderView.xib */ = {isa = PBXFileReference; lastKnownFileType = file.xib; path = AccountSummaryHeaderView.xib; sourceTree = "<group>"; };
		22EA3AF928E72B6300489011 /* AccountSummaryCell.swift */ = {isa = PBXFileReference; lastKnownFileType = sourcecode.swift; path = AccountSummaryCell.swift; sourceTree = "<group>"; };
		25070EB928D0C313004C2A32 /* OnboardingContainerViewController.swift */ = {isa = PBXFileReference; lastKnownFileType = sourcecode.swift; path = OnboardingContainerViewController.swift; sourceTree = "<group>"; };
		25070EBB28D0D177004C2A32 /* OnboardingViewController.swift */ = {isa = PBXFileReference; lastKnownFileType = sourcecode.swift; path = OnboardingViewController.swift; sourceTree = "<group>"; };
		25D211D628C7763B003235BE /* Bankey.app */ = {isa = PBXFileReference; explicitFileType = wrapper.application; includeInIndex = 0; path = Bankey.app; sourceTree = BUILT_PRODUCTS_DIR; };
		25D211D928C7763B003235BE /* AppDelegate.swift */ = {isa = PBXFileReference; lastKnownFileType = sourcecode.swift; path = AppDelegate.swift; sourceTree = "<group>"; };
		25D211DD28C7763B003235BE /* LoginViewController.swift */ = {isa = PBXFileReference; lastKnownFileType = sourcecode.swift; path = LoginViewController.swift; sourceTree = "<group>"; };
		25D211E228C7763E003235BE /* Assets.xcassets */ = {isa = PBXFileReference; lastKnownFileType = folder.assetcatalog; path = Assets.xcassets; sourceTree = "<group>"; };
		25D211E528C7763E003235BE /* Base */ = {isa = PBXFileReference; lastKnownFileType = file.storyboard; name = Base; path = Base.lproj/LaunchScreen.storyboard; sourceTree = "<group>"; };
		25D211E728C7763E003235BE /* Info.plist */ = {isa = PBXFileReference; lastKnownFileType = text.plist.xml; path = Info.plist; sourceTree = "<group>"; };
		25D211EF28C77988003235BE /* LoginView.swift */ = {isa = PBXFileReference; lastKnownFileType = sourcecode.swift; path = LoginView.swift; sourceTree = "<group>"; };
/* End PBXFileReference section */

/* Begin PBXFrameworksBuildPhase section */
		22DDBBFF28EF0A8C0001C7A1 /* Frameworks */ = {
			isa = PBXFrameworksBuildPhase;
			buildActionMask = 2147483647;
			files = (
			);
			runOnlyForDeploymentPostprocessing = 0;
		};
		25D211D328C7763B003235BE /* Frameworks */ = {
			isa = PBXFrameworksBuildPhase;
			buildActionMask = 2147483647;
			files = (
			);
			runOnlyForDeploymentPostprocessing = 0;
		};
/* End PBXFrameworksBuildPhase section */

/* Begin PBXGroup section */
		22DDBC0328EF0A8C0001C7A1 /* BankeyUnitTests */ = {
			isa = PBXGroup;
			children = (
				22DDBC0428EF0A8C0001C7A1 /* BankeyUnitTests.swift */,
				22DDBC0B28EF0CBF0001C7A1 /* CurrencyFormatterTest.swift */,
			);
			path = BankeyUnitTests;
			sourceTree = "<group>";
		};
		22EA3AE928DCE32900489011 /* Utils */ = {
			isa = PBXGroup;
			children = (
				22EA3AEA28DCE34500489011 /* LocalState.swift */,
				22EA3AEC28DE356C00489011 /* UIViewControllers+Utils.swift */,
				22DDBBFA28EDB51F0001C7A1 /* Decimal+Utils.swift */,
				22DDBBFC28EDB7940001C7A1 /* CurrencyFormatter.swift */,
				227E8F8C290043E2001C8930 /* NSNotificationName.swift */,
				227E8F8E29019A40001C8930 /* UITextField+SecureToggle.swift */,
			);
			path = Utils;
			sourceTree = "<group>";
		};
		22EA3AF028E378A600489011 /* AccountSummary */ = {
			isa = PBXGroup;
			children = (
				22EA3AF128E378F300489011 /* AccountSummaryViewController.swift */,
				22EA3AF828E72AF900489011 /* Cells */,
				22EA3AF728E72AA400489011 /* Header */,
			);
			path = AccountSummary;
			sourceTree = "<group>";
		};
		22EA3AF728E72AA400489011 /* Header */ = {
			isa = PBXGroup;
			children = (
				22EA3AF328E47DA400489011 /* AccountSummaryHeaderView.swift */,
				22EA3AF528E47DEB00489011 /* AccountSummaryHeaderView.xib */,
			);
			path = Header;
			sourceTree = "<group>";
		};
		22EA3AF828E72AF900489011 /* Cells */ = {
			isa = PBXGroup;
			children = (
				22EA3AF928E72B6300489011 /* AccountSummaryCell.swift */,
			);
			path = Cells;
			sourceTree = "<group>";
		};
		25070EB828D0C2C4004C2A32 /* Onboarding */ = {
			isa = PBXGroup;
			children = (
				25070EB928D0C313004C2A32 /* OnboardingContainerViewController.swift */,
				25070EBB28D0D177004C2A32 /* OnboardingViewController.swift */,
			);
			path = Onboarding;
			sourceTree = "<group>";
		};
		25D211CD28C7763B003235BE = {
			isa = PBXGroup;
			children = (
				25D211D828C7763B003235BE /* Bankey */,
				22DDBC0328EF0A8C0001C7A1 /* BankeyUnitTests */,
				25D211D728C7763B003235BE /* Products */,
			);
			sourceTree = "<group>";
		};
		25D211D728C7763B003235BE /* Products */ = {
			isa = PBXGroup;
			children = (
				25D211D628C7763B003235BE /* Bankey.app */,
				22DDBC0228EF0A8C0001C7A1 /* BankeyUnitTests.xctest */,
			);
			name = Products;
			sourceTree = "<group>";
		};
		25D211D828C7763B003235BE /* Bankey */ = {
			isa = PBXGroup;
			children = (
				25D211EE28C77952003235BE /* Login */,
				25070EB828D0C2C4004C2A32 /* Onboarding */,
				22EA3AF028E378A600489011 /* AccountSummary */,
				25D211ED28C77938003235BE /* Files */,
				22EA3AE928DCE32900489011 /* Utils */,
				25D211D928C7763B003235BE /* AppDelegate.swift */,
				22EA3AEE28DE37A300489011 /* MainViewController.swift */,
			);
			path = Bankey;
			sourceTree = "<group>";
		};
		25D211ED28C77938003235BE /* Files */ = {
			isa = PBXGroup;
			children = (
				25D211E228C7763E003235BE /* Assets.xcassets */,
				25D211E728C7763E003235BE /* Info.plist */,
				25D211E428C7763E003235BE /* LaunchScreen.storyboard */,
			);
			name = Files;
			sourceTree = "<group>";
		};
		25D211EE28C77952003235BE /* Login */ = {
			isa = PBXGroup;
			children = (
				25D211DD28C7763B003235BE /* LoginViewController.swift */,
				25D211EF28C77988003235BE /* LoginView.swift */,
				22EA3AE728DB892000489011 /* DummyViewController.swift */,
			);
			path = Login;
			sourceTree = "<group>";
		};
/* End PBXGroup section */

/* Begin PBXNativeTarget section */
		22DDBC0128EF0A8C0001C7A1 /* BankeyUnitTests */ = {
			isa = PBXNativeTarget;
			buildConfigurationList = 22DDBC0828EF0A8C0001C7A1 /* Build configuration list for PBXNativeTarget "BankeyUnitTests" */;
			buildPhases = (
				22DDBBFE28EF0A8C0001C7A1 /* Sources */,
				22DDBBFF28EF0A8C0001C7A1 /* Frameworks */,
				22DDBC0028EF0A8C0001C7A1 /* Resources */,
			);
			buildRules = (
			);
			dependencies = (
				22DDBC0728EF0A8C0001C7A1 /* PBXTargetDependency */,
			);
			name = BankeyUnitTests;
			productName = BankeyUnitTests;
			productReference = 22DDBC0228EF0A8C0001C7A1 /* BankeyUnitTests.xctest */;
			productType = "com.apple.product-type.bundle.unit-test";
		};
		25D211D528C7763B003235BE /* Bankey */ = {
			isa = PBXNativeTarget;
			buildConfigurationList = 25D211EA28C7763E003235BE /* Build configuration list for PBXNativeTarget "Bankey" */;
			buildPhases = (
				25D211D228C7763B003235BE /* Sources */,
				25D211D328C7763B003235BE /* Frameworks */,
				25D211D428C7763B003235BE /* Resources */,
			);
			buildRules = (
			);
			dependencies = (
			);
			name = Bankey;
			productName = Bankey;
			productReference = 25D211D628C7763B003235BE /* Bankey.app */;
			productType = "com.apple.product-type.application";
		};
/* End PBXNativeTarget section */

/* Begin PBXProject section */
		25D211CE28C7763B003235BE /* Project object */ = {
			isa = PBXProject;
			attributes = {
				BuildIndependentTargetsInParallel = 1;
				LastSwiftUpdateCheck = 1400;
				LastUpgradeCheck = 1340;
				TargetAttributes = {
					22DDBC0128EF0A8C0001C7A1 = {
						CreatedOnToolsVersion = 14.0;
						TestTargetID = 25D211D528C7763B003235BE;
					};
					25D211D528C7763B003235BE = {
						CreatedOnToolsVersion = 13.4.1;
					};
				};
			};
			buildConfigurationList = 25D211D128C7763B003235BE /* Build configuration list for PBXProject "Bankey" */;
			compatibilityVersion = "Xcode 13.0";
			developmentRegion = en;
			hasScannedForEncodings = 0;
			knownRegions = (
				en,
				Base,
			);
			mainGroup = 25D211CD28C7763B003235BE;
			productRefGroup = 25D211D728C7763B003235BE /* Products */;
			projectDirPath = "";
			projectRoot = "";
			targets = (
				25D211D528C7763B003235BE /* Bankey */,
				22DDBC0128EF0A8C0001C7A1 /* BankeyUnitTests */,
			);
		};
/* End PBXProject section */

/* Begin PBXResourcesBuildPhase section */
		22DDBC0028EF0A8C0001C7A1 /* Resources */ = {
			isa = PBXResourcesBuildPhase;
			buildActionMask = 2147483647;
			files = (
			);
			runOnlyForDeploymentPostprocessing = 0;
		};
		25D211D428C7763B003235BE /* Resources */ = {
			isa = PBXResourcesBuildPhase;
			buildActionMask = 2147483647;
			files = (
				22EA3AF628E47DEB00489011 /* AccountSummaryHeaderView.xib in Resources */,
				25D211E628C7763E003235BE /* LaunchScreen.storyboard in Resources */,
				25D211E328C7763E003235BE /* Assets.xcassets in Resources */,
			);
			runOnlyForDeploymentPostprocessing = 0;
		};
/* End PBXResourcesBuildPhase section */

/* Begin PBXSourcesBuildPhase section */
		22DDBBFE28EF0A8C0001C7A1 /* Sources */ = {
			isa = PBXSourcesBuildPhase;
			buildActionMask = 2147483647;
			files = (
				22DDBC0528EF0A8C0001C7A1 /* BankeyUnitTests.swift in Sources */,
				22DDBC0C28EF0CBF0001C7A1 /* CurrencyFormatterTest.swift in Sources */,
			);
			runOnlyForDeploymentPostprocessing = 0;
		};
		25D211D228C7763B003235BE /* Sources */ = {
			isa = PBXSourcesBuildPhase;
			buildActionMask = 2147483647;
			files = (
				25D211F028C77988003235BE /* LoginView.swift in Sources */,
				22EA3AEB28DCE34500489011 /* LocalState.swift in Sources */,
				22EA3AE828DB892000489011 /* DummyViewController.swift in Sources */,
				22EA3AF428E47DA400489011 /* AccountSummaryHeaderView.swift in Sources */,
				227E8F8F29019A41001C8930 /* UITextField+SecureToggle.swift in Sources */,
				25D211DE28C7763B003235BE /* LoginViewController.swift in Sources */,
				22DDBBFD28EDB7940001C7A1 /* CurrencyFormatter.swift in Sources */,
				22DDBBFB28EDB51F0001C7A1 /* Decimal+Utils.swift in Sources */,
				227E8F8D290043E2001C8930 /* NSNotificationName.swift in Sources */,
				22EA3AED28DE356C00489011 /* UIViewControllers+Utils.swift in Sources */,
				22EA3AFA28E72B6300489011 /* AccountSummaryCell.swift in Sources */,
				25070EBC28D0D177004C2A32 /* OnboardingViewController.swift in Sources */,
				22EA3AEF28DE37A300489011 /* MainViewController.swift in Sources */,
				22EA3AF228E378F300489011 /* AccountSummaryViewController.swift in Sources */,
				25D211DA28C7763B003235BE /* AppDelegate.swift in Sources */,
				25070EBA28D0C313004C2A32 /* OnboardingContainerViewController.swift in Sources */,
			);
			runOnlyForDeploymentPostprocessing = 0;
		};
/* End PBXSourcesBuildPhase section */

/* Begin PBXTargetDependency section */
		22DDBC0728EF0A8C0001C7A1 /* PBXTargetDependency */ = {
			isa = PBXTargetDependency;
			target = 25D211D528C7763B003235BE /* Bankey */;
			targetProxy = 22DDBC0628EF0A8C0001C7A1 /* PBXContainerItemProxy */;
		};
/* End PBXTargetDependency section */

/* Begin PBXVariantGroup section */
		25D211E428C7763E003235BE /* LaunchScreen.storyboard */ = {
			isa = PBXVariantGroup;
			children = (
				25D211E528C7763E003235BE /* Base */,
			);
			name = LaunchScreen.storyboard;
			sourceTree = "<group>";
		};
/* End PBXVariantGroup section */

/* Begin XCBuildConfiguration section */
		22DDBC0928EF0A8C0001C7A1 /* Debug */ = {
			isa = XCBuildConfiguration;
			buildSettings = {
				BUNDLE_LOADER = "$(TEST_HOST)";
				CLANG_CXX_LANGUAGE_STANDARD = "gnu++20";
				CODE_SIGN_STYLE = Automatic;
				CURRENT_PROJECT_VERSION = 1;
				GENERATE_INFOPLIST_FILE = YES;
				IPHONEOS_DEPLOYMENT_TARGET = 16.0;
				MARKETING_VERSION = 1.0;
				PRODUCT_BUNDLE_IDENTIFIER = Mobdev.BankeyUnitTests;
				PRODUCT_NAME = "$(TARGET_NAME)";
				SWIFT_EMIT_LOC_STRINGS = NO;
				SWIFT_VERSION = 5.0;
				TARGETED_DEVICE_FAMILY = "1,2";
				TEST_HOST = "$(BUILT_PRODUCTS_DIR)/Bankey.app/$(BUNDLE_EXECUTABLE_FOLDER_PATH)/Bankey";
			};
			name = Debug;
		};
		22DDBC0A28EF0A8C0001C7A1 /* Release */ = {
			isa = XCBuildConfiguration;
			buildSettings = {
				BUNDLE_LOADER = "$(TEST_HOST)";
				CLANG_CXX_LANGUAGE_STANDARD = "gnu++20";
				CODE_SIGN_STYLE = Automatic;
				CURRENT_PROJECT_VERSION = 1;
				GENERATE_INFOPLIST_FILE = YES;
				IPHONEOS_DEPLOYMENT_TARGET = 16.0;
				MARKETING_VERSION = 1.0;
				PRODUCT_BUNDLE_IDENTIFIER = Mobdev.BankeyUnitTests;
				PRODUCT_NAME = "$(TARGET_NAME)";
				SWIFT_EMIT_LOC_STRINGS = NO;
				SWIFT_VERSION = 5.0;
				TARGETED_DEVICE_FAMILY = "1,2";
				TEST_HOST = "$(BUILT_PRODUCTS_DIR)/Bankey.app/$(BUNDLE_EXECUTABLE_FOLDER_PATH)/Bankey";
			};
			name = Release;
		};
		25D211E828C7763E003235BE /* Debug */ = {
			isa = XCBuildConfiguration;
			buildSettings = {
				ALWAYS_SEARCH_USER_PATHS = NO;
				CLANG_ANALYZER_NONNULL = YES;
				CLANG_ANALYZER_NUMBER_OBJECT_CONVERSION = YES_AGGRESSIVE;
				CLANG_CXX_LANGUAGE_STANDARD = "gnu++17";
				CLANG_ENABLE_MODULES = YES;
				CLANG_ENABLE_OBJC_ARC = YES;
				CLANG_ENABLE_OBJC_WEAK = YES;
				CLANG_WARN_BLOCK_CAPTURE_AUTORELEASING = YES;
				CLANG_WARN_BOOL_CONVERSION = YES;
				CLANG_WARN_COMMA = YES;
				CLANG_WARN_CONSTANT_CONVERSION = YES;
				CLANG_WARN_DEPRECATED_OBJC_IMPLEMENTATIONS = YES;
				CLANG_WARN_DIRECT_OBJC_ISA_USAGE = YES_ERROR;
				CLANG_WARN_DOCUMENTATION_COMMENTS = YES;
				CLANG_WARN_EMPTY_BODY = YES;
				CLANG_WARN_ENUM_CONVERSION = YES;
				CLANG_WARN_INFINITE_RECURSION = YES;
				CLANG_WARN_INT_CONVERSION = YES;
				CLANG_WARN_NON_LITERAL_NULL_CONVERSION = YES;
				CLANG_WARN_OBJC_IMPLICIT_RETAIN_SELF = YES;
				CLANG_WARN_OBJC_LITERAL_CONVERSION = YES;
				CLANG_WARN_OBJC_ROOT_CLASS = YES_ERROR;
				CLANG_WARN_QUOTED_INCLUDE_IN_FRAMEWORK_HEADER = YES;
				CLANG_WARN_RANGE_LOOP_ANALYSIS = YES;
				CLANG_WARN_STRICT_PROTOTYPES = YES;
				CLANG_WARN_SUSPICIOUS_MOVE = YES;
				CLANG_WARN_UNGUARDED_AVAILABILITY = YES_AGGRESSIVE;
				CLANG_WARN_UNREACHABLE_CODE = YES;
				CLANG_WARN__DUPLICATE_METHOD_MATCH = YES;
				COPY_PHASE_STRIP = NO;
				DEBUG_INFORMATION_FORMAT = dwarf;
				ENABLE_STRICT_OBJC_MSGSEND = YES;
				ENABLE_TESTABILITY = YES;
				GCC_C_LANGUAGE_STANDARD = gnu11;
				GCC_DYNAMIC_NO_PIC = NO;
				GCC_NO_COMMON_BLOCKS = YES;
				GCC_OPTIMIZATION_LEVEL = 0;
				GCC_PREPROCESSOR_DEFINITIONS = (
					"DEBUG=1",
					"$(inherited)",
				);
				GCC_WARN_64_TO_32_BIT_CONVERSION = YES;
				GCC_WARN_ABOUT_RETURN_TYPE = YES_ERROR;
				GCC_WARN_UNDECLARED_SELECTOR = YES;
				GCC_WARN_UNINITIALIZED_AUTOS = YES_AGGRESSIVE;
				GCC_WARN_UNUSED_FUNCTION = YES;
				GCC_WARN_UNUSED_VARIABLE = YES;
				IPHONEOS_DEPLOYMENT_TARGET = 15.5;
				MTL_ENABLE_DEBUG_INFO = INCLUDE_SOURCE;
				MTL_FAST_MATH = YES;
				ONLY_ACTIVE_ARCH = YES;
				SDKROOT = iphoneos;
				SWIFT_ACTIVE_COMPILATION_CONDITIONS = DEBUG;
				SWIFT_OPTIMIZATION_LEVEL = "-Onone";
			};
			name = Debug;
		};
		25D211E928C7763E003235BE /* Release */ = {
			isa = XCBuildConfiguration;
			buildSettings = {
				ALWAYS_SEARCH_USER_PATHS = NO;
				CLANG_ANALYZER_NONNULL = YES;
				CLANG_ANALYZER_NUMBER_OBJECT_CONVERSION = YES_AGGRESSIVE;
				CLANG_CXX_LANGUAGE_STANDARD = "gnu++17";
				CLANG_ENABLE_MODULES = YES;
				CLANG_ENABLE_OBJC_ARC = YES;
				CLANG_ENABLE_OBJC_WEAK = YES;
				CLANG_WARN_BLOCK_CAPTURE_AUTORELEASING = YES;
				CLANG_WARN_BOOL_CONVERSION = YES;
				CLANG_WARN_COMMA = YES;
				CLANG_WARN_CONSTANT_CONVERSION = YES;
				CLANG_WARN_DEPRECATED_OBJC_IMPLEMENTATIONS = YES;
				CLANG_WARN_DIRECT_OBJC_ISA_USAGE = YES_ERROR;
				CLANG_WARN_DOCUMENTATION_COMMENTS = YES;
				CLANG_WARN_EMPTY_BODY = YES;
				CLANG_WARN_ENUM_CONVERSION = YES;
				CLANG_WARN_INFINITE_RECURSION = YES;
				CLANG_WARN_INT_CONVERSION = YES;
				CLANG_WARN_NON_LITERAL_NULL_CONVERSION = YES;
				CLANG_WARN_OBJC_IMPLICIT_RETAIN_SELF = YES;
				CLANG_WARN_OBJC_LITERAL_CONVERSION = YES;
				CLANG_WARN_OBJC_ROOT_CLASS = YES_ERROR;
				CLANG_WARN_QUOTED_INCLUDE_IN_FRAMEWORK_HEADER = YES;
				CLANG_WARN_RANGE_LOOP_ANALYSIS = YES;
				CLANG_WARN_STRICT_PROTOTYPES = YES;
				CLANG_WARN_SUSPICIOUS_MOVE = YES;
				CLANG_WARN_UNGUARDED_AVAILABILITY = YES_AGGRESSIVE;
				CLANG_WARN_UNREACHABLE_CODE = YES;
				CLANG_WARN__DUPLICATE_METHOD_MATCH = YES;
				COPY_PHASE_STRIP = NO;
				DEBUG_INFORMATION_FORMAT = "dwarf-with-dsym";
				ENABLE_NS_ASSERTIONS = NO;
				ENABLE_STRICT_OBJC_MSGSEND = YES;
				GCC_C_LANGUAGE_STANDARD = gnu11;
				GCC_NO_COMMON_BLOCKS = YES;
				GCC_WARN_64_TO_32_BIT_CONVERSION = YES;
				GCC_WARN_ABOUT_RETURN_TYPE = YES_ERROR;
				GCC_WARN_UNDECLARED_SELECTOR = YES;
				GCC_WARN_UNINITIALIZED_AUTOS = YES_AGGRESSIVE;
				GCC_WARN_UNUSED_FUNCTION = YES;
				GCC_WARN_UNUSED_VARIABLE = YES;
				IPHONEOS_DEPLOYMENT_TARGET = 15.5;
				MTL_ENABLE_DEBUG_INFO = NO;
				MTL_FAST_MATH = YES;
				SDKROOT = iphoneos;
				SWIFT_COMPILATION_MODE = wholemodule;
				SWIFT_OPTIMIZATION_LEVEL = "-O";
				VALIDATE_PRODUCT = YES;
			};
			name = Release;
		};
		25D211EB28C7763E003235BE /* Debug */ = {
			isa = XCBuildConfiguration;
			buildSettings = {
				ASSETCATALOG_COMPILER_APPICON_NAME = AppIcon;
				ASSETCATALOG_COMPILER_GLOBAL_ACCENT_COLOR_NAME = AccentColor;
				CODE_SIGN_STYLE = Automatic;
				CURRENT_PROJECT_VERSION = 1;
				DEVELOPMENT_TEAM = "";
				GENERATE_INFOPLIST_FILE = YES;
				INFOPLIST_FILE = Bankey/Info.plist;
				INFOPLIST_KEY_UIApplicationSupportsIndirectInputEvents = YES;
				INFOPLIST_KEY_UILaunchStoryboardName = LaunchScreen;
				INFOPLIST_KEY_UISupportedInterfaceOrientations_iPad = "UIInterfaceOrientationPortrait UIInterfaceOrientationPortraitUpsideDown UIInterfaceOrientationLandscapeLeft UIInterfaceOrientationLandscapeRight";
				INFOPLIST_KEY_UISupportedInterfaceOrientations_iPhone = "UIInterfaceOrientationPortrait UIInterfaceOrientationLandscapeLeft UIInterfaceOrientationLandscapeRight";
				LD_RUNPATH_SEARCH_PATHS = (
					"$(inherited)",
					"@executable_path/Frameworks",
				);
				MARKETING_VERSION = 1.0;
				PRODUCT_BUNDLE_IDENTIFIER = mobdev.Bankey;
				PRODUCT_NAME = "$(TARGET_NAME)";
				SWIFT_EMIT_LOC_STRINGS = YES;
				SWIFT_VERSION = 5.0;
				TARGETED_DEVICE_FAMILY = "1,2";
			};
			name = Debug;
		};
		25D211EC28C7763E003235BE /* Release */ = {
			isa = XCBuildConfiguration;
			buildSettings = {
				ASSETCATALOG_COMPILER_APPICON_NAME = AppIcon;
				ASSETCATALOG_COMPILER_GLOBAL_ACCENT_COLOR_NAME = AccentColor;
				CODE_SIGN_STYLE = Automatic;
				CURRENT_PROJECT_VERSION = 1;
				DEVELOPMENT_TEAM = "";
				GENERATE_INFOPLIST_FILE = YES;
				INFOPLIST_FILE = Bankey/Info.plist;
				INFOPLIST_KEY_UIApplicationSupportsIndirectInputEvents = YES;
				INFOPLIST_KEY_UILaunchStoryboardName = LaunchScreen;
				INFOPLIST_KEY_UISupportedInterfaceOrientations_iPad = "UIInterfaceOrientationPortrait UIInterfaceOrientationPortraitUpsideDown UIInterfaceOrientationLandscapeLeft UIInterfaceOrientationLandscapeRight";
				INFOPLIST_KEY_UISupportedInterfaceOrientations_iPhone = "UIInterfaceOrientationPortrait UIInterfaceOrientationLandscapeLeft UIInterfaceOrientationLandscapeRight";
				LD_RUNPATH_SEARCH_PATHS = (
					"$(inherited)",
					"@executable_path/Frameworks",
				);
				MARKETING_VERSION = 1.0;
				PRODUCT_BUNDLE_IDENTIFIER = mobdev.Bankey;
				PRODUCT_NAME = "$(TARGET_NAME)";
				SWIFT_EMIT_LOC_STRINGS = YES;
				SWIFT_VERSION = 5.0;
				TARGETED_DEVICE_FAMILY = "1,2";
			};
			name = Release;
		};
/* End XCBuildConfiguration section */

/* Begin XCConfigurationList section */
		22DDBC0828EF0A8C0001C7A1 /* Build configuration list for PBXNativeTarget "BankeyUnitTests" */ = {
			isa = XCConfigurationList;
			buildConfigurations = (
				22DDBC0928EF0A8C0001C7A1 /* Debug */,
				22DDBC0A28EF0A8C0001C7A1 /* Release */,
			);
			defaultConfigurationIsVisible = 0;
			defaultConfigurationName = Release;
		};
		25D211D128C7763B003235BE /* Build configuration list for PBXProject "Bankey" */ = {
			isa = XCConfigurationList;
			buildConfigurations = (
				25D211E828C7763E003235BE /* Debug */,
				25D211E928C7763E003235BE /* Release */,
			);
			defaultConfigurationIsVisible = 0;
			defaultConfigurationName = Release;
		};
		25D211EA28C7763E003235BE /* Build configuration list for PBXNativeTarget "Bankey" */ = {
			isa = XCConfigurationList;
			buildConfigurations = (
				25D211EB28C7763E003235BE /* Debug */,
				25D211EC28C7763E003235BE /* Release */,
			);
			defaultConfigurationIsVisible = 0;
			defaultConfigurationName = Release;
		};
/* End XCConfigurationList section */
	};
	rootObject = 25D211CE28C7763B003235BE /* Project object */;
}
